
Microsoft Visual Studio Solution File, Format Version 12.00
# Visual Studio 14
VisualStudioVersion = 14.0.25420.1
MinimumVisualStudioVersion = 10.0.40219.1
Project("{00D1A9C2-B5F0-4AF3-8072-F6C62B433612}") = "MetalogixDb", "MetalogixDb\MetalogixDb.sqlproj", "{93F94436-C398-42D4-95B5-17CE0AB8729E}"
EndProject
Project("{FAE04EC0-301F-11D3-BF4B-00C04F79EFBC}") = "MetalogixDemoClient", "MetalogixDemoClient\MetalogixDemoClient.csproj", "{007E3050-DFE9-4DBB-8EF3-1EA046D86636}"
	ProjectSection(ProjectDependencies) = postProject
		{EBB1BF55-8F3D-43F6-82BE-A92620CF8018} = {EBB1BF55-8F3D-43F6-82BE-A92620CF8018}
	EndProjectSection
EndProject
Project("{FAE04EC0-301F-11D3-BF4B-00C04F79EFBC}") = "MetalogixDemoService", "MetalogixDemoService\MetalogixDemoService.csproj", "{EBB1BF55-8F3D-43F6-82BE-A92620CF8018}"
EndProject
Project("{FAE04EC0-301F-11D3-BF4B-00C04F79EFBC}") = "MetalogixData", "MetalogixData\MetalogixData.csproj", "{00EFA5EF-7A8F-43FE-AD64-B6F480B17102}"
EndProject
Project("{FAE04EC0-301F-11D3-BF4B-00C04F79EFBC}") = "MetalogixInterfaces", "MetalogixInterfaces\MetalogixInterfaces.csproj", "{0703166F-E83F-4158-9052-652D97B6A436}"
EndProject
Global
	GlobalSection(SolutionConfigurationPlatforms) = preSolution
		Debug|Any CPU = Debug|Any CPU
		Release|Any CPU = Release|Any CPU
	EndGlobalSection
	GlobalSection(ProjectConfigurationPlatforms) = postSolution
		{93F94436-C398-42D4-95B5-17CE0AB8729E}.Debug|Any CPU.ActiveCfg = Debug|Any CPU
		{93F94436-C398-42D4-95B5-17CE0AB8729E}.Debug|Any CPU.Build.0 = Debug|Any CPU
		{93F94436-C398-42D4-95B5-17CE0AB8729E}.Debug|Any CPU.Deploy.0 = Debug|Any CPU
		{93F94436-C398-42D4-95B5-17CE0AB8729E}.Release|Any CPU.ActiveCfg = Release|Any CPU
		{93F94436-C398-42D4-95B5-17CE0AB8729E}.Release|Any CPU.Build.0 = Release|Any CPU
		{93F94436-C398-42D4-95B5-17CE0AB8729E}.Release|Any CPU.Deploy.0 = Release|Any CPU
		{007E3050-DFE9-4DBB-8EF3-1EA046D86636}.Debug|Any CPU.ActiveCfg = Debug|Any CPU
		{007E3050-DFE9-4DBB-8EF3-1EA046D86636}.Debug|Any CPU.Build.0 = Debug|Any CPU
		{007E3050-DFE9-4DBB-8EF3-1EA046D86636}.Release|Any CPU.ActiveCfg = Release|Any CPU
		{007E3050-DFE9-4DBB-8EF3-1EA046D86636}.Release|Any CPU.Build.0 = Release|Any CPU
		{EBB1BF55-8F3D-43F6-82BE-A92620CF8018}.Debug|Any CPU.ActiveCfg = Debug|Any CPU
		{EBB1BF55-8F3D-43F6-82BE-A92620CF8018}.Debug|Any CPU.Build.0 = Debug|Any CPU
		{EBB1BF55-8F3D-43F6-82BE-A92620CF8018}.Release|Any CPU.ActiveCfg = Release|Any CPU
		{EBB1BF55-8F3D-43F6-82BE-A92620CF8018}.Release|Any CPU.Build.0 = Release|Any CPU
		{00EFA5EF-7A8F-43FE-AD64-B6F480B17102}.Debug|Any CPU.ActiveCfg = Debug|Any CPU
		{00EFA5EF-7A8F-43FE-AD64-B6F480B17102}.Debug|Any CPU.Build.0 = Debug|Any CPU
		{00EFA5EF-7A8F-43FE-AD64-B6F480B17102}.Release|Any CPU.ActiveCfg = Release|Any CPU
		{00EFA5EF-7A8F-43FE-AD64-B6F480B17102}.Release|Any CPU.Build.0 = Release|Any CPU
		{0703166F-E83F-4158-9052-652D97B6A436}.Debug|Any CPU.ActiveCfg = Debug|Any CPU
		{0703166F-E83F-4158-9052-652D97B6A436}.Debug|Any CPU.Build.0 = Debug|Any CPU
		{0703166F-E83F-4158-9052-652D97B6A436}.Release|Any CPU.ActiveCfg = Release|Any CPU
		{0703166F-E83F-4158-9052-652D97B6A436}.Release|Any CPU.Build.0 = Release|Any CPU
	EndGlobalSection
	GlobalSection(SolutionProperties) = preSolution
		HideSolutionNode = FALSE
	EndGlobalSection
EndGlobal
